
Microsoft Visual Studio Solution File, Format Version 12.00
# Visual Studio Version 16
VisualStudioVersion = 16.0.31205.134
MinimumVisualStudioVersion = 10.0.40219.1
Project("{FAE04EC0-301F-11D3-BF4B-00C04F79EFBC}") = "WebServiceIntegracion", "WebServiceIntegracion\WebServiceIntegracion.csproj", "{9C587DA1-DD02-4D71-BA8B-B23187E89FC3}"
EndProject
Global
	GlobalSection(SolutionConfigurationPlatforms) = preSolution
		Debug|Any CPU = Debug|Any CPU
		Release|Any CPU = Release|Any CPU
	EndGlobalSection
	GlobalSection(ProjectConfigurationPlatforms) = postSolution
		{9C587DA1-DD02-4D71-BA8B-B23187E89FC3}.Debug|Any CPU.ActiveCfg = Debug|Any CPU
		{9C587DA1-DD02-4D71-BA8B-B23187E89FC3}.Debug|Any CPU.Build.0 = Debug|Any CPU
		{9C587DA1-DD02-4D71-BA8B-B23187E89FC3}.Release|Any CPU.ActiveCfg = Release|Any CPU
		{9C587DA1-DD02-4D71-BA8B-B23187E89FC3}.Release|Any CPU.Build.0 = Release|Any CPU
	EndGlobalSection
	GlobalSection(SolutionProperties) = preSolution
		HideSolutionNode = FALSE
	EndGlobalSection
	GlobalSection(ExtensibilityGlobals) = postSolution
		SolutionGuid = {7F52CCBA-15B0-4193-A2D4-E4323F5CC32C}
	EndGlobalSection
EndGlobal
