
Microsoft Visual Studio Solution File, Format Version 12.00
# Visual Studio Version 16
VisualStudioVersion = 16.0.31205.134
MinimumVisualStudioVersion = 10.0.40219.1
Project("{FAE04EC0-301F-11D3-BF4B-00C04F79EFBC}") = "CoreBank", "CoreBank\CoreBank.csproj", "{CA9818C3-E2C4-4612-92CF-5F4C3CB87252}"
	ProjectSection(ProjectDependencies) = postProject
		{D879C0EB-EFF3-4A3A-BE0D-DDCD6A8EA589} = {D879C0EB-EFF3-4A3A-BE0D-DDCD6A8EA589}
	EndProjectSection
EndProject
Project("{FAE04EC0-301F-11D3-BF4B-00C04F79EFBC}") = "ServiceBank", "ServiceBank\ServiceBank.csproj", "{D879C0EB-EFF3-4A3A-BE0D-DDCD6A8EA589}"
EndProject
Global
	GlobalSection(SolutionConfigurationPlatforms) = preSolution
		Debug|Any CPU = Debug|Any CPU
		Release|Any CPU = Release|Any CPU
	EndGlobalSection
	GlobalSection(ProjectConfigurationPlatforms) = postSolution
		{CA9818C3-E2C4-4612-92CF-5F4C3CB87252}.Debug|Any CPU.ActiveCfg = Debug|Any CPU
		{CA9818C3-E2C4-4612-92CF-5F4C3CB87252}.Debug|Any CPU.Build.0 = Debug|Any CPU
		{CA9818C3-E2C4-4612-92CF-5F4C3CB87252}.Release|Any CPU.ActiveCfg = Release|Any CPU
		{CA9818C3-E2C4-4612-92CF-5F4C3CB87252}.Release|Any CPU.Build.0 = Release|Any CPU
		{D879C0EB-EFF3-4A3A-BE0D-DDCD6A8EA589}.Debug|Any CPU.ActiveCfg = Debug|Any CPU
		{D879C0EB-EFF3-4A3A-BE0D-DDCD6A8EA589}.Debug|Any CPU.Build.0 = Debug|Any CPU
		{D879C0EB-EFF3-4A3A-BE0D-DDCD6A8EA589}.Release|Any CPU.ActiveCfg = Release|Any CPU
		{D879C0EB-EFF3-4A3A-BE0D-DDCD6A8EA589}.Release|Any CPU.Build.0 = Release|Any CPU
	EndGlobalSection
	GlobalSection(SolutionProperties) = preSolution
		HideSolutionNode = FALSE
	EndGlobalSection
	GlobalSection(ExtensibilityGlobals) = postSolution
		SolutionGuid = {7F52CCBA-15B0-4193-A2D4-E4323F5CC32C}
	EndGlobalSection
EndGlobal
